// !$*UTF8*$!
{
	archiveVersion = 1;
	classes = {
	};
	objectVersion = 50;
	objects = {

/* Begin PBXBuildFile section */
		A24ED85D233697AB00508196 /* Constants.swift in Sources */ = {isa = PBXBuildFile; fileRef = A24ED85C233697AB00508196 /* Constants.swift */; };
		A24FEAAB23366D78006E823C /* AppDelegate.swift in Sources */ = {isa = PBXBuildFile; fileRef = A24FEAAA23366D78006E823C /* AppDelegate.swift */; };
		A24FEAAD23366D78006E823C /* SceneDelegate.swift in Sources */ = {isa = PBXBuildFile; fileRef = A24FEAAC23366D78006E823C /* SceneDelegate.swift */; };
		A24FEAAF23366D78006E823C /* ContentView.swift in Sources */ = {isa = PBXBuildFile; fileRef = A24FEAAE23366D78006E823C /* ContentView.swift */; };
		A24FEAB123366D7F006E823C /* Assets.xcassets in Resources */ = {isa = PBXBuildFile; fileRef = A24FEAB023366D7F006E823C /* Assets.xcassets */; };
		A24FEAB423366D7F006E823C /* Preview Assets.xcassets in Resources */ = {isa = PBXBuildFile; fileRef = A24FEAB323366D7F006E823C /* Preview Assets.xcassets */; };
		A24FEAB723366D7F006E823C /* LaunchScreen.storyboard in Resources */ = {isa = PBXBuildFile; fileRef = A24FEAB523366D7F006E823C /* LaunchScreen.storyboard */; };
		A24FEAC023366D9D006E823C /* Room.swift in Sources */ = {isa = PBXBuildFile; fileRef = A24FEABF23366D9D006E823C /* Room.swift */; };
		A24FEAC52336913B006E823C /* Proof.swift in Sources */ = {isa = PBXBuildFile; fileRef = A24FEAC42336913B006E823C /* Proof.swift */; };
		A24FEAC723369198006E823C /* Balance.swift in Sources */ = {isa = PBXBuildFile; fileRef = A24FEAC623369198006E823C /* Balance.swift */; };
/* End PBXBuildFile section */

/* Begin PBXFileReference section */
		A24ED85C233697AB00508196 /* Constants.swift */ = {isa = PBXFileReference; lastKnownFileType = sourcecode.swift; path = Constants.swift; sourceTree = "<group>"; };
		A24FEAA723366D78006E823C /* Coin Maze.app */ = {isa = PBXFileReference; explicitFileType = wrapper.application; includeInIndex = 0; path = "Coin Maze.app"; sourceTree = BUILT_PRODUCTS_DIR; };
		A24FEAAA23366D78006E823C /* AppDelegate.swift */ = {isa = PBXFileReference; lastKnownFileType = sourcecode.swift; path = AppDelegate.swift; sourceTree = "<group>"; };
		A24FEAAC23366D78006E823C /* SceneDelegate.swift */ = {isa = PBXFileReference; lastKnownFileType = sourcecode.swift; path = SceneDelegate.swift; sourceTree = "<group>"; };
		A24FEAAE23366D78006E823C /* ContentView.swift */ = {isa = PBXFileReference; lastKnownFileType = sourcecode.swift; path = ContentView.swift; sourceTree = "<group>"; };
		A24FEAB023366D7F006E823C /* Assets.xcassets */ = {isa = PBXFileReference; lastKnownFileType = folder.assetcatalog; path = Assets.xcassets; sourceTree = "<group>"; };
		A24FEAB323366D7F006E823C /* Preview Assets.xcassets */ = {isa = PBXFileReference; lastKnownFileType = folder.assetcatalog; path = "Preview Assets.xcassets"; sourceTree = "<group>"; };
		A24FEAB623366D7F006E823C /* Base */ = {isa = PBXFileReference; lastKnownFileType = file.storyboard; name = Base; path = Base.lproj/LaunchScreen.storyboard; sourceTree = "<group>"; };
		A24FEAB823366D7F006E823C /* Info.plist */ = {isa = PBXFileReference; lastKnownFileType = text.plist.xml; path = Info.plist; sourceTree = "<group>"; };
		A24FEABF23366D9D006E823C /* Room.swift */ = {isa = PBXFileReference; lastKnownFileType = sourcecode.swift; path = Room.swift; sourceTree = "<group>"; };
		A24FEAC42336913B006E823C /* Proof.swift */ = {isa = PBXFileReference; lastKnownFileType = sourcecode.swift; path = Proof.swift; sourceTree = "<group>"; };
		A24FEAC623369198006E823C /* Balance.swift */ = {isa = PBXFileReference; lastKnownFileType = sourcecode.swift; path = Balance.swift; sourceTree = "<group>"; };
/* End PBXFileReference section */

/* Begin PBXFrameworksBuildPhase section */
		A24FEAA423366D78006E823C /* Frameworks */ = {
			isa = PBXFrameworksBuildPhase;
			buildActionMask = 2147483647;
			files = (
			);
			runOnlyForDeploymentPostprocessing = 0;
		};
/* End PBXFrameworksBuildPhase section */

/* Begin PBXGroup section */
		A24FEA9E23366D78006E823C = {
			isa = PBXGroup;
			children = (
				A24FEAA923366D78006E823C /* Coin Maze */,
				A24FEAA823366D78006E823C /* Products */,
			);
			sourceTree = "<group>";
		};
		A24FEAA823366D78006E823C /* Products */ = {
			isa = PBXGroup;
			children = (
				A24FEAA723366D78006E823C /* Coin Maze.app */,
			);
			name = Products;
			sourceTree = "<group>";
		};
		A24FEAA923366D78006E823C /* Coin Maze */ = {
			isa = PBXGroup;
			children = (
				A24FEABE23366D8C006E823C /* Models */,
				A24FEAAA23366D78006E823C /* AppDelegate.swift */,
				A24FEAAC23366D78006E823C /* SceneDelegate.swift */,
				A24FEAAE23366D78006E823C /* ContentView.swift */,
				A24FEAB023366D7F006E823C /* Assets.xcassets */,
				A24FEAB523366D7F006E823C /* LaunchScreen.storyboard */,
				A24FEAB823366D7F006E823C /* Info.plist */,
				A24FEAB223366D7F006E823C /* Preview Content */,
				A24ED85C233697AB00508196 /* Constants.swift */,
			);
			path = "Coin Maze";
			sourceTree = "<group>";
		};
		A24FEAB223366D7F006E823C /* Preview Content */ = {
			isa = PBXGroup;
			children = (
				A24FEAB323366D7F006E823C /* Preview Assets.xcassets */,
			);
			path = "Preview Content";
			sourceTree = "<group>";
		};
		A24FEABE23366D8C006E823C /* Models */ = {
			isa = PBXGroup;
			children = (
				A24FEABF23366D9D006E823C /* Room.swift */,
				A24FEAC42336913B006E823C /* Proof.swift */,
				A24FEAC623369198006E823C /* Balance.swift */,
			);
			path = Models;
			sourceTree = "<group>";
		};
/* End PBXGroup section */

/* Begin PBXNativeTarget section */
		A24FEAA623366D78006E823C /* Coin Maze */ = {
			isa = PBXNativeTarget;
			buildConfigurationList = A24FEABB23366D7F006E823C /* Build configuration list for PBXNativeTarget "Coin Maze" */;
			buildPhases = (
				A24FEAA323366D78006E823C /* Sources */,
				A24FEAA423366D78006E823C /* Frameworks */,
				A24FEAA523366D78006E823C /* Resources */,
			);
			buildRules = (
			);
			dependencies = (
			);
			name = "Coin Maze";
			productName = "Coin Maze";
			productReference = A24FEAA723366D78006E823C /* Coin Maze.app */;
			productType = "com.apple.product-type.application";
		};
/* End PBXNativeTarget section */

/* Begin PBXProject section */
		A24FEA9F23366D78006E823C /* Project object */ = {
			isa = PBXProject;
			attributes = {
				LastSwiftUpdateCheck = 1100;
				LastUpgradeCheck = 1100;
				ORGANIZATIONNAME = "Angel Buenrostro";
				TargetAttributes = {
					A24FEAA623366D78006E823C = {
						CreatedOnToolsVersion = 11.0;
					};
				};
			};
			buildConfigurationList = A24FEAA223366D78006E823C /* Build configuration list for PBXProject "Coin Maze" */;
			compatibilityVersion = "Xcode 9.3";
			developmentRegion = en;
			hasScannedForEncodings = 0;
			knownRegions = (
				en,
				Base,
			);
			mainGroup = A24FEA9E23366D78006E823C;
			productRefGroup = A24FEAA823366D78006E823C /* Products */;
			projectDirPath = "";
			projectRoot = "";
			targets = (
				A24FEAA623366D78006E823C /* Coin Maze */,
			);
		};
/* End PBXProject section */

/* Begin PBXResourcesBuildPhase section */
		A24FEAA523366D78006E823C /* Resources */ = {
			isa = PBXResourcesBuildPhase;
			buildActionMask = 2147483647;
			files = (
				A24FEAB723366D7F006E823C /* LaunchScreen.storyboard in Resources */,
				A24FEAB423366D7F006E823C /* Preview Assets.xcassets in Resources */,
				A24FEAB123366D7F006E823C /* Assets.xcassets in Resources */,
			);
			runOnlyForDeploymentPostprocessing = 0;
		};
/* End PBXResourcesBuildPhase section */

/* Begin PBXSourcesBuildPhase section */
		A24FEAA323366D78006E823C /* Sources */ = {
			isa = PBXSourcesBuildPhase;
			buildActionMask = 2147483647;
			files = (
				A24FEAC52336913B006E823C /* Proof.swift in Sources */,
				A24FEAAB23366D78006E823C /* AppDelegate.swift in Sources */,
				A24FEAAD23366D78006E823C /* SceneDelegate.swift in Sources */,
				A24FEAC023366D9D006E823C /* Room.swift in Sources */,
				A24ED85D233697AB00508196 /* Constants.swift in Sources */,
				A24FEAC723369198006E823C /* Balance.swift in Sources */,
				A24FEAAF23366D78006E823C /* ContentView.swift in Sources */,
			);
			runOnlyForDeploymentPostprocessing = 0;
		};
/* End PBXSourcesBuildPhase section */

/* Begin PBXVariantGroup section */
		A24FEAB523366D7F006E823C /* LaunchScreen.storyboard */ = {
			isa = PBXVariantGroup;
			children = (
				A24FEAB623366D7F006E823C /* Base */,
			);
			name = LaunchScreen.storyboard;
			sourceTree = "<group>";
		};
/* End PBXVariantGroup section */

/* Begin XCBuildConfiguration section */
		A24FEAB923366D7F006E823C /* Debug */ = {
			isa = XCBuildConfiguration;
			buildSettings = {
				ALWAYS_SEARCH_USER_PATHS = NO;
				CLANG_ANALYZER_NONNULL = YES;
				CLANG_ANALYZER_NUMBER_OBJECT_CONVERSION = YES_AGGRESSIVE;
				CLANG_CXX_LANGUAGE_STANDARD = "gnu++14";
				CLANG_CXX_LIBRARY = "libc++";
				CLANG_ENABLE_MODULES = YES;
				CLANG_ENABLE_OBJC_ARC = YES;
				CLANG_ENABLE_OBJC_WEAK = YES;
				CLANG_WARN_BLOCK_CAPTURE_AUTORELEASING = YES;
				CLANG_WARN_BOOL_CONVERSION = YES;
				CLANG_WARN_COMMA = YES;
				CLANG_WARN_CONSTANT_CONVERSION = YES;
				CLANG_WARN_DEPRECATED_OBJC_IMPLEMENTATIONS = YES;
				CLANG_WARN_DIRECT_OBJC_ISA_USAGE = YES_ERROR;
				CLANG_WARN_DOCUMENTATION_COMMENTS = YES;
				CLANG_WARN_EMPTY_BODY = YES;
				CLANG_WARN_ENUM_CONVERSION = YES;
				CLANG_WARN_INFINITE_RECURSION = YES;
				CLANG_WARN_INT_CONVERSION = YES;
				CLANG_WARN_NON_LITERAL_NULL_CONVERSION = YES;
				CLANG_WARN_OBJC_IMPLICIT_RETAIN_SELF = YES;
				CLANG_WARN_OBJC_LITERAL_CONVERSION = YES;
				CLANG_WARN_OBJC_ROOT_CLASS = YES_ERROR;
				CLANG_WARN_RANGE_LOOP_ANALYSIS = YES;
				CLANG_WARN_STRICT_PROTOTYPES = YES;
				CLANG_WARN_SUSPICIOUS_MOVE = YES;
				CLANG_WARN_UNGUARDED_AVAILABILITY = YES_AGGRESSIVE;
				CLANG_WARN_UNREACHABLE_CODE = YES;
				CLANG_WARN__DUPLICATE_METHOD_MATCH = YES;
				COPY_PHASE_STRIP = NO;
				DEBUG_INFORMATION_FORMAT = dwarf;
				ENABLE_STRICT_OBJC_MSGSEND = YES;
				ENABLE_TESTABILITY = YES;
				GCC_C_LANGUAGE_STANDARD = gnu11;
				GCC_DYNAMIC_NO_PIC = NO;
				GCC_NO_COMMON_BLOCKS = YES;
				GCC_OPTIMIZATION_LEVEL = 0;
				GCC_PREPROCESSOR_DEFINITIONS = (
					"DEBUG=1",
					"$(inherited)",
				);
				GCC_WARN_64_TO_32_BIT_CONVERSION = YES;
				GCC_WARN_ABOUT_RETURN_TYPE = YES_ERROR;
				GCC_WARN_UNDECLARED_SELECTOR = YES;
				GCC_WARN_UNINITIALIZED_AUTOS = YES_AGGRESSIVE;
				GCC_WARN_UNUSED_FUNCTION = YES;
				GCC_WARN_UNUSED_VARIABLE = YES;
				IPHONEOS_DEPLOYMENT_TARGET = 13.0;
				MTL_ENABLE_DEBUG_INFO = INCLUDE_SOURCE;
				MTL_FAST_MATH = YES;
				ONLY_ACTIVE_ARCH = YES;
				SDKROOT = iphoneos;
				SWIFT_ACTIVE_COMPILATION_CONDITIONS = DEBUG;
				SWIFT_OPTIMIZATION_LEVEL = "-Onone";
			};
			name = Debug;
		};
		A24FEABA23366D7F006E823C /* Release */ = {
			isa = XCBuildConfiguration;
			buildSettings = {
				ALWAYS_SEARCH_USER_PATHS = NO;
				CLANG_ANALYZER_NONNULL = YES;
				CLANG_ANALYZER_NUMBER_OBJECT_CONVERSION = YES_AGGRESSIVE;
				CLANG_CXX_LANGUAGE_STANDARD = "gnu++14";
				CLANG_CXX_LIBRARY = "libc++";
				CLANG_ENABLE_MODULES = YES;
				CLANG_ENABLE_OBJC_ARC = YES;
				CLANG_ENABLE_OBJC_WEAK = YES;
				CLANG_WARN_BLOCK_CAPTURE_AUTORELEASING = YES;
				CLANG_WARN_BOOL_CONVERSION = YES;
				CLANG_WARN_COMMA = YES;
				CLANG_WARN_CONSTANT_CONVERSION = YES;
				CLANG_WARN_DEPRECATED_OBJC_IMPLEMENTATIONS = YES;
				CLANG_WARN_DIRECT_OBJC_ISA_USAGE = YES_ERROR;
				CLANG_WARN_DOCUMENTATION_COMMENTS = YES;
				CLANG_WARN_EMPTY_BODY = YES;
				CLANG_WARN_ENUM_CONVERSION = YES;
				CLANG_WARN_INFINITE_RECURSION = YES;
				CLANG_WARN_INT_CONVERSION = YES;
				CLANG_WARN_NON_LITERAL_NULL_CONVERSION = YES;
				CLANG_WARN_OBJC_IMPLICIT_RETAIN_SELF = YES;
				CLANG_WARN_OBJC_LITERAL_CONVERSION = YES;
				CLANG_WARN_OBJC_ROOT_CLASS = YES_ERROR;
				CLANG_WARN_RANGE_LOOP_ANALYSIS = YES;
				CLANG_WARN_STRICT_PROTOTYPES = YES;
				CLANG_WARN_SUSPICIOUS_MOVE = YES;
				CLANG_WARN_UNGUARDED_AVAILABILITY = YES_AGGRESSIVE;
				CLANG_WARN_UNREACHABLE_CODE = YES;
				CLANG_WARN__DUPLICATE_METHOD_MATCH = YES;
				COPY_PHASE_STRIP = NO;
				DEBUG_INFORMATION_FORMAT = "dwarf-with-dsym";
				ENABLE_NS_ASSERTIONS = NO;
				ENABLE_STRICT_OBJC_MSGSEND = YES;
				GCC_C_LANGUAGE_STANDARD = gnu11;
				GCC_NO_COMMON_BLOCKS = YES;
				GCC_WARN_64_TO_32_BIT_CONVERSION = YES;
				GCC_WARN_ABOUT_RETURN_TYPE = YES_ERROR;
				GCC_WARN_UNDECLARED_SELECTOR = YES;
				GCC_WARN_UNINITIALIZED_AUTOS = YES_AGGRESSIVE;
				GCC_WARN_UNUSED_FUNCTION = YES;
				GCC_WARN_UNUSED_VARIABLE = YES;
				IPHONEOS_DEPLOYMENT_TARGET = 13.0;
				MTL_ENABLE_DEBUG_INFO = NO;
				MTL_FAST_MATH = YES;
				SDKROOT = iphoneos;
				SWIFT_COMPILATION_MODE = wholemodule;
				SWIFT_OPTIMIZATION_LEVEL = "-O";
				VALIDATE_PRODUCT = YES;
			};
			name = Release;
		};
		A24FEABC23366D7F006E823C /* Debug */ = {
			isa = XCBuildConfiguration;
			buildSettings = {
				ASSETCATALOG_COMPILER_APPICON_NAME = AppIcon;
				CODE_SIGN_STYLE = Automatic;
				DEVELOPMENT_ASSET_PATHS = "\"Coin Maze/Preview Content\"";
				DEVELOPMENT_TEAM = HEVSJ2C5DD;
				ENABLE_PREVIEWS = YES;
				INFOPLIST_FILE = "Coin Maze/Info.plist";
				LD_RUNPATH_SEARCH_PATHS = (
					"$(inherited)",
					"@executable_path/Frameworks",
				);
				PRODUCT_BUNDLE_IDENTIFIER = "com.angel.Coin-Maze";
				PRODUCT_NAME = "$(TARGET_NAME)";
				SWIFT_VERSION = 5.0;
				TARGETED_DEVICE_FAMILY = "1,2";
			};
			name = Debug;
		};
		A24FEABD23366D7F006E823C /* Release */ = {
			isa = XCBuildConfiguration;
			buildSettings = {
				ASSETCATALOG_COMPILER_APPICON_NAME = AppIcon;
				CODE_SIGN_STYLE = Automatic;
				DEVELOPMENT_ASSET_PATHS = "\"Coin Maze/Preview Content\"";
				DEVELOPMENT_TEAM = HEVSJ2C5DD;
				ENABLE_PREVIEWS = YES;
				INFOPLIST_FILE = "Coin Maze/Info.plist";
				LD_RUNPATH_SEARCH_PATHS = (
					"$(inherited)",
					"@executable_path/Frameworks",
				);
				PRODUCT_BUNDLE_IDENTIFIER = "com.angel.Coin-Maze";
				PRODUCT_NAME = "$(TARGET_NAME)";
				SWIFT_VERSION = 5.0;
				TARGETED_DEVICE_FAMILY = "1,2";
			};
			name = Release;
		};
/* End XCBuildConfiguration section */

/* Begin XCConfigurationList section */
		A24FEAA223366D78006E823C /* Build configuration list for PBXProject "Coin Maze" */ = {
			isa = XCConfigurationList;
			buildConfigurations = (
				A24FEAB923366D7F006E823C /* Debug */,
				A24FEABA23366D7F006E823C /* Release */,
			);
			defaultConfigurationIsVisible = 0;
			defaultConfigurationName = Release;
		};
		A24FEABB23366D7F006E823C /* Build configuration list for PBXNativeTarget "Coin Maze" */ = {
			isa = XCConfigurationList;
			buildConfigurations = (
				A24FEABC23366D7F006E823C /* Debug */,
				A24FEABD23366D7F006E823C /* Release */,
			);
			defaultConfigurationIsVisible = 0;
			defaultConfigurationName = Release;
		};
/* End XCConfigurationList section */
	};
	rootObject = A24FEA9F23366D78006E823C /* Project object */;
}
